{
  "name": "sol-e-lua",
  "version": "0.1.0",
  "lockfileVersion": 3,
  "requires": true,
  "packages": {
    "": {
      "name": "sol-e-lua",
      "version": "0.1.0",
      "workspaces": [
        "apps/*"
      ],
      "dependencies": {
        "@fastify/cors": "^11.2.0",
        "@fastify/multipart": "^9.4.0"
      }
    },
    "apps/backend": {
      "name": "@sol-e-lua/api",
      "version": "0.1.0",
      "extraneous": true,
      "dependencies": {
        "@prisma/client": "^5.10.2",
        "dotenv": "^16.4.5",
        "fastify": "^4.26.2"
      },
      "devDependencies": {
        "@types/node": "^20.11.30",
        "@types/supertest": "^2.0.16",
        "prisma": "^5.10.2",
        "supertest": "^6.3.4",
        "tsx": "^4.7.2",
        "typescript": "^5.3.3",
        "vitest": "^1.4.0"
      }
    },
    "apps/frontend": {
      "name": "@sol-e-lua/web",
      "version": "0.1.0",
      "extraneous": true,
      "dependencies": {
        "next": "^14.1.0",
        "react": "^18.2.0",
        "react-dom": "^18.2.0"
      },
      "devDependencies": {
        "@types/node": "^20.11.30",
        "@types/react": "^18.2.64",
        "@types/react-dom": "^18.2.22",
        "typescript": "^5.3.3"
      }
    },
    "node_modules/@fastify/busboy": {
      "version": "3.2.0",
      "resolved": "https://registry.npmjs.org/@fastify/busboy/-/busboy-3.2.0.tgz",
      "integrity": "sha512-m9FVDXU3GT2ITSe0UaMA5rU3QkfC/UXtCU8y0gSN/GugTqtVldOBWIB5V6V3sbmenVZUIpU6f+mPEO2+m5iTaA==",
      "license": "MIT"
    },
    "node_modules/@fastify/cors": {
      "version": "11.2.0",
      "resolved": "https://registry.npmjs.org/@fastify/cors/-/cors-11.2.0.tgz",
      "integrity": "sha512-LbLHBuSAdGdSFZYTLVA3+Ch2t+sA6nq3Ejc6XLAKiQ6ViS2qFnvicpj0htsx03FyYeLs04HfRNBsz/a8SvbcUw==",
      "funding": [
        {
          "type": "github",
          "url": "https://github.com/sponsors/fastify"
        },
        {
          "type": "opencollective",
          "url": "https://opencollective.com/fastify"
        }
      ],
      "license": "MIT",
      "dependencies": {
        "fastify-plugin": "^5.0.0",
        "toad-cache": "^3.7.0"
      }
    },
    "node_modules/@fastify/deepmerge": {
      "version": "3.2.0",
      "resolved": "https://registry.npmjs.org/@fastify/deepmerge/-/deepmerge-3.2.0.tgz",
      "integrity": "sha512-aO5giNgFN+rD4fMUAkro9nEL7c9gh5Q3lh0ZGKMDAhQAytf22HLicF/qZ2EYTDmH+XL2WvdazwBfOdmp6NiwBg==",
      "funding": [
        {
          "type": "github",
          "url": "https://github.com/sponsors/fastify"
        },
        {
          "type": "opencollective",
          "url": "https://opencollective.com/fastify"
        }
      ],
      "license": "MIT"
    },
    "node_modules/@fastify/error": {
      "version": "4.2.0",
      "resolved": "https://registry.npmjs.org/@fastify/error/-/error-4.2.0.tgz",
      "integrity": "sha512-RSo3sVDXfHskiBZKBPRgnQTtIqpi/7zhJOEmAxCiBcM7d0uwdGdxLlsCaLzGs8v8NnxIRlfG0N51p5yFaOentQ==",
      "funding": [
        {
          "type": "github",
          "url": "https://github.com/sponsors/fastify"
        },
        {
          "type": "opencollective",
          "url": "https://opencollective.com/fastify"
        }
      ],
      "license": "MIT"
    },
    "node_modules/@fastify/multipart": {
      "version": "9.4.0",
      "resolved": "https://registry.npmjs.org/@fastify/multipart/-/multipart-9.4.0.tgz",
      "integrity": "sha512-Z404bzZeLSXTBmp/trCBuoVFX28pM7rhv849Q5TsbTFZHuk1lc4QjQITTPK92DKVpXmNtJXeHSSc7GYvqFpxAQ==",
      "funding": [
        {
          "type": "github",
          "url": "https://github.com/sponsors/fastify"
        },
        {
          "type": "opencollective",
          "url": "https://opencollective.com/fastify"
        }
      ],
      "license": "MIT",
      "dependencies": {
        "@fastify/busboy": "^3.0.0",
        "@fastify/deepmerge": "^3.0.0",
        "@fastify/error": "^4.0.0",
        "fastify-plugin": "^5.0.0",
        "secure-json-parse": "^4.0.0"
      }
    },
    "node_modules/fastify-plugin": {
      "version": "5.1.0",
      "resolved": "https://registry.npmjs.org/fastify-plugin/-/fastify-plugin-5.1.0.tgz",
      "integrity": "sha512-FAIDA8eovSt5qcDgcBvDuX/v0Cjz0ohGhENZ/wpc3y+oZCY2afZ9Baqql3g/lC+OHRnciQol4ww7tuthOb9idw==",
      "funding": [
        {
          "type": "github",
          "url": "https://github.com/sponsors/fastify"
        },
        {
          "type": "opencollective",
          "url": "https://opencollective.com/fastify"
        }
      ],
      "license": "MIT"
    },
    "node_modules/secure-json-parse": {
      "version": "4.1.0",
      "resolved": "https://registry.npmjs.org/secure-json-parse/-/secure-json-parse-4.1.0.tgz",
      "integrity": "sha512-l4KnYfEyqYJxDwlNVyRfO2E4NTHfMKAWdUuA8J0yve2Dz/E/PdBepY03RvyJpssIpRFwJoCD55wA+mEDs6ByWA==",
      "funding": [
        {
          "type": "github",
          "url": "https://github.com/sponsors/fastify"
        },
        {
          "type": "opencollective",
          "url": "https://opencollective.com/fastify"
        }
      ],
      "license": "BSD-3-Clause"
    },
    "node_modules/toad-cache": {
      "version": "3.7.0",
      "resolved": "https://registry.npmjs.org/toad-cache/-/toad-cache-3.7.0.tgz",
      "integrity": "sha512-/m8M+2BJUpoJdgAHoG+baCwBT+tf2VraSfkBgl0Y00qIWt41DJ8R5B8nsEw0I58YwF5IZH6z24/2TobDKnqSWw==",
      "license": "MIT",
      "engines": {
        "node": ">=12"
      }
    }
  }
}
